// !$*UTF8*$!
{
	archiveVersion = 1;
	classes = {
	};
	objectVersion = 46;
	objects = {

/* Begin PBXBuildFile section */
		970698D61D6F0369001190AA /* Duplicate.h in Headers */ = {isa = PBXBuildFile; fileRef = 970698D51D6F0369001190AA /* Duplicate.h */; };
		970698D81D6F0369001190AA /* Duplicate.m in Sources */ = {isa = PBXBuildFile; fileRef = 970698D71D6F0369001190AA /* Duplicate.m */; };
/* End PBXBuildFile section */

/* Begin PBXFileReference section */
		970698D21D6F0369001190AA /* libDuplicate.dylib */ = {isa = PBXFileReference; explicitFileType = "compiled.mach-o.dylib"; includeInIndex = 0; path = libDuplicate.dylib; sourceTree = BUILT_PRODUCTS_DIR; };
		970698D51D6F0369001190AA /* Duplicate.h */ = {isa = PBXFileReference; lastKnownFileType = sourcecode.c.h; path = Duplicate.h; sourceTree = "<group>"; };
		970698D71D6F0369001190AA /* Duplicate.m */ = {isa = PBXFileReference; lastKnownFileType = sourcecode.c.objc; path = Duplicate.m; sourceTree = "<group>"; };
/* End PBXFileReference section */

/* Begin PBXFrameworksBuildPhase section */
		970698CF1D6F0369001190AA /* Frameworks */ = {
			isa = PBXFrameworksBuildPhase;
			buildActionMask = 2147483647;
			files = (
			);
			runOnlyForDeploymentPostprocessing = 0;
		};
/* End PBXFrameworksBuildPhase section */

/* Begin PBXGroup section */
		970698C91D6F0369001190AA = {
			isa = PBXGroup;
			children = (
				970698D41D6F0369001190AA /* Duplicate */,
				970698D31D6F0369001190AA /* Products */,
			);
			sourceTree = "<group>";
		};
		970698D31D6F0369001190AA /* Products */ = {
			isa = PBXGroup;
			children = (
				970698D21D6F0369001190AA /* libDuplicate.dylib */,
			);
			name = Products;
			sourceTree = "<group>";
		};
		970698D41D6F0369001190AA /* Duplicate */ = {
			isa = PBXGroup;
			children = (
				970698D51D6F0369001190AA /* Duplicate.h */,
				970698D71D6F0369001190AA /* Duplicate.m */,
			);
			path = Duplicate;
			sourceTree = "<group>";
		};
/* End PBXGroup section */

/* Begin PBXHeadersBuildPhase section */
		970698D01D6F0369001190AA /* Headers */ = {
			isa = PBXHeadersBuildPhase;
			buildActionMask = 2147483647;
			files = (
				970698D61D6F0369001190AA /* Duplicate.h in Headers */,
			);
			runOnlyForDeploymentPostprocessing = 0;
		};
/* End PBXHeadersBuildPhase section */

/* Begin PBXNativeTarget section */
		970698D11D6F0369001190AA /* Duplicate */ = {
			isa = PBXNativeTarget;
			buildConfigurationList = 970698DB1D6F0369001190AA /* Build configuration list for PBXNativeTarget "Duplicate" */;
			buildPhases = (
				970698CE1D6F0369001190AA /* Sources */,
				970698CF1D6F0369001190AA /* Frameworks */,
				970698D01D6F0369001190AA /* Headers */,
			);
			buildRules = (
			);
			dependencies = (
			);
			name = Duplicate;
			productName = Duplicate;
			productReference = 970698D21D6F0369001190AA /* libDuplicate.dylib */;
			productType = "com.apple.product-type.library.dynamic";
		};
/* End PBXNativeTarget section */

/* Begin PBXProject section */
		970698CA1D6F0369001190AA /* Project object */ = {
			isa = PBXProject;
			attributes = {
				LastUpgradeCheck = 0730;
				ORGANIZATIONNAME = "Nicolas Reichert";
				TargetAttributes = {
					970698D11D6F0369001190AA = {
						CreatedOnToolsVersion = 7.3.1;
					};
				};
			};
			buildConfigurationList = 970698CD1D6F0369001190AA /* Build configuration list for PBXProject "Duplicate" */;
			compatibilityVersion = "Xcode 3.2";
			developmentRegion = English;
			hasScannedForEncodings = 0;
			knownRegions = (
				en,
			);
			mainGroup = 970698C91D6F0369001190AA;
			productRefGroup = 970698D31D6F0369001190AA /* Products */;
			projectDirPath = "";
			projectRoot = "";
			targets = (
				970698D11D6F0369001190AA /* Duplicate */,
			);
		};
/* End PBXProject section */

/* Begin PBXSourcesBuildPhase section */
		970698CE1D6F0369001190AA /* Sources */ = {
			isa = PBXSourcesBuildPhase;
			buildActionMask = 2147483647;
			files = (
				970698D81D6F0369001190AA /* Duplicate.m in Sources */,
			);
			runOnlyForDeploymentPostprocessing = 0;
		};
/* End PBXSourcesBuildPhase section */

/* Begin XCBuildConfiguration section */
		970698D91D6F0369001190AA /* Debug */ = {
			isa = XCBuildConfiguration;
			buildSettings = {
				ALWAYS_SEARCH_USER_PATHS = NO;
				CLANG_ANALYZER_NONNULL = YES;
				CLANG_CXX_LANGUAGE_STANDARD = "gnu++0x";
				CLANG_CXX_LIBRARY = "libc++";
				CLANG_ENABLE_MODULES = YES;
				CLANG_ENABLE_OBJC_ARC = YES;
				CLANG_WARN_BOOL_CONVERSION = YES;
				CLANG_WARN_CONSTANT_CONVERSION = YES;
				CLANG_WARN_DIRECT_OBJC_ISA_USAGE = YES_ERROR;
				CLANG_WARN_EMPTY_BODY = YES;
				CLANG_WARN_ENUM_CONVERSION = YES;
				CLANG_WARN_INT_CONVERSION = YES;
				CLANG_WARN_OBJC_ROOT_CLASS = YES_ERROR;
				CLANG_WARN_UNREACHABLE_CODE = YES;
				CLANG_WARN__DUPLICATE_METHOD_MATCH = YES;
				CODE_SIGN_IDENTITY = "-";
				COPY_PHASE_STRIP = NO;
				DEBUG_INFORMATION_FORMAT = dwarf;
				ENABLE_STRICT_OBJC_MSGSEND = YES;
				ENABLE_TESTABILITY = YES;
				GCC_C_LANGUAGE_STANDARD = gnu99;
				GCC_DYNAMIC_NO_PIC = NO;
				GCC_NO_COMMON_BLOCKS = YES;
				GCC_OPTIMIZATION_LEVEL = 0;
				GCC_PREPROCESSOR_DEFINITIONS = (
					"DEBUG=1",
					"$(inherited)",
				);
				GCC_WARN_64_TO_32_BIT_CONVERSION = YES;
				GCC_WARN_ABOUT_RETURN_TYPE = YES_ERROR;
				GCC_WARN_UNDECLARED_SELECTOR = YES;
				GCC_WARN_UNINITIALIZED_AUTOS = YES_AGGRESSIVE;
				GCC_WARN_UNUSED_FUNCTION = YES;
				GCC_WARN_UNUSED_VARIABLE = YES;
				MACOSX_DEPLOYMENT_TARGET = 10.11;
				MTL_ENABLE_DEBUG_INFO = YES;
				ONLY_ACTIVE_ARCH = YES;
				SDKROOT = macosx;
			};
			name = Debug;
		};
		970698DA1D6F0369001190AA /* Release */ = {
			isa = XCBuildConfiguration;
			buildSettings = {
				ALWAYS_SEARCH_USER_PATHS = NO;
				CLANG_ANALYZER_NONNULL = YES;
				CLANG_CXX_LANGUAGE_STANDARD = "gnu++0x";
				CLANG_CXX_LIBRARY = "libc++";
				CLANG_ENABLE_MODULES = YES;
				CLANG_ENABLE_OBJC_ARC = YES;
				CLANG_WARN_BOOL_CONVERSION = YES;
				CLANG_WARN_CONSTANT_CONVERSION = YES;
				CLANG_WARN_DIRECT_OBJC_ISA_USAGE = YES_ERROR;
				CLANG_WARN_EMPTY_BODY = YES;
				CLANG_WARN_ENUM_CONVERSION = YES;
				CLANG_WARN_INT_CONVERSION = YES;
				CLANG_WARN_OBJC_ROOT_CLASS = YES_ERROR;
				CLANG_WARN_UNREACHABLE_CODE = YES;
				CLANG_WARN__DUPLICATE_METHOD_MATCH = YES;
				CODE_SIGN_IDENTITY = "-";
				COPY_PHASE_STRIP = NO;
				DEBUG_INFORMATION_FORMAT = "dwarf-with-dsym";
				ENABLE_NS_ASSERTIONS = NO;
				ENABLE_STRICT_OBJC_MSGSEND = YES;
				GCC_C_LANGUAGE_STANDARD = gnu99;
				GCC_NO_COMMON_BLOCKS = YES;
				GCC_WARN_64_TO_32_BIT_CONVERSION = YES;
				GCC_WARN_ABOUT_RETURN_TYPE = YES_ERROR;
				GCC_WARN_UNDECLARED_SELECTOR = YES;
				GCC_WARN_UNINITIALIZED_AUTOS = YES_AGGRESSIVE;
				GCC_WARN_UNUSED_FUNCTION = YES;
				GCC_WARN_UNUSED_VARIABLE = YES;
				MACOSX_DEPLOYMENT_TARGET = 10.11;
				MTL_ENABLE_DEBUG_INFO = NO;
				SDKROOT = macosx;
			};
			name = Release;
		};
		970698DC1D6F0369001190AA /* Debug */ = {
			isa = XCBuildConfiguration;
			buildSettings = {
				DYLIB_COMPATIBILITY_VERSION = 1;
				DYLIB_CURRENT_VERSION = 1;
				EXECUTABLE_PREFIX = lib;
				PRODUCT_NAME = "$(TARGET_NAME)";
			};
			name = Debug;
		};
		970698DD1D6F0369001190AA /* Release */ = {
			isa = XCBuildConfiguration;
			buildSettings = {
				DYLIB_COMPATIBILITY_VERSION = 1;
				DYLIB_CURRENT_VERSION = 1;
				EXECUTABLE_PREFIX = lib;
				PRODUCT_NAME = "$(TARGET_NAME)";
			};
			name = Release;
		};
/* End XCBuildConfiguration section */

/* Begin XCConfigurationList section */
		970698CD1D6F0369001190AA /* Build configuration list for PBXProject "Duplicate" */ = {
			isa = XCConfigurationList;
			buildConfigurations = (
				970698D91D6F0369001190AA /* Debug */,
				970698DA1D6F0369001190AA /* Release */,
			);
			defaultConfigurationIsVisible = 0;
			defaultConfigurationName = Release;
		};
		970698DB1D6F0369001190AA /* Build configuration list for PBXNativeTarget "Duplicate" */ = {
			isa = XCConfigurationList;
			buildConfigurations = (
				970698DC1D6F0369001190AA /* Debug */,
				970698DD1D6F0369001190AA /* Release */,
			);
			defaultConfigurationIsVisible = 0;
		};
/* End XCConfigurationList section */
	};
	rootObject = 970698CA1D6F0369001190AA /* Project object */;
}
